
Microsoft Visual Studio Solution File, Format Version 12.00
# Visual Studio Version 17
VisualStudioVersion = 17.5.002.0
MinimumVisualStudioVersion = 10.0.40219.1
Project("{9A19103F-16F7-4668-BE54-9A1E7A4F7556}") = "OhHell", "OhHell.csproj", "{A83857A6-8EC6-46E9-A506-E70C53E8121A}"
EndProject
Global
	GlobalSection(SolutionConfigurationPlatforms) = preSolution
		Debug|Any CPU = Debug|Any CPU
		Release|Any CPU = Release|Any CPU
	EndGlobalSection
	GlobalSection(ProjectConfigurationPlatforms) = postSolution
		{A83857A6-8EC6-46E9-A506-E70C53E8121A}.Debug|Any CPU.ActiveCfg = Debug|Any CPU
		{A83857A6-8EC6-46E9-A506-E70C53E8121A}.Debug|Any CPU.Build.0 = Debug|Any CPU
		{A83857A6-8EC6-46E9-A506-E70C53E8121A}.Release|Any CPU.ActiveCfg = Release|Any CPU
		{A83857A6-8EC6-46E9-A506-E70C53E8121A}.Release|Any CPU.Build.0 = Release|Any CPU
	EndGlobalSection
	GlobalSection(SolutionProperties) = preSolution
		HideSolutionNode = FALSE
	EndGlobalSection
	GlobalSection(ExtensibilityGlobals) = postSolution
		SolutionGuid = {0B866E11-9DF9-4A9C-8123-92073B3B1E1F}
	EndGlobalSection
EndGlobal
